
Microsoft Visual Studio Solution File, Format Version 12.00
# Visual Studio 14
VisualStudioVersion = 14.0.23107.0
MinimumVisualStudioVersion = 10.0.40219.1
Project("{FAE04EC0-301F-11D3-BF4B-00C04F79EFBC}") = "SharePointAppProdDeployment-TEST", "SharePointAppProdDeployment-TEST\SharePointAppProdDeployment-TEST.csproj", "{3C9B384F-EA19-4938-813B-AD1904D51D8D}"
EndProject
Project("{FAE04EC0-301F-11D3-BF4B-00C04F79EFBC}") = "SharePointAppProdDeployment-TESTWeb", "SharePointAppProdDeployment-TESTWeb\SharePointAppProdDeployment-TESTWeb.csproj", "{3D9AAC6A-998C-45CB-8BE5-C440BF50EEFD}"
EndProject
Global
	GlobalSection(SolutionConfigurationPlatforms) = preSolution
		Debug|Any CPU = Debug|Any CPU
		Release|Any CPU = Release|Any CPU
	EndGlobalSection
	GlobalSection(ProjectConfigurationPlatforms) = postSolution
		{3C9B384F-EA19-4938-813B-AD1904D51D8D}.Debug|Any CPU.ActiveCfg = Debug|Any CPU
		{3C9B384F-EA19-4938-813B-AD1904D51D8D}.Debug|Any CPU.Build.0 = Debug|Any CPU
		{3C9B384F-EA19-4938-813B-AD1904D51D8D}.Debug|Any CPU.Deploy.0 = Debug|Any CPU
		{3C9B384F-EA19-4938-813B-AD1904D51D8D}.Release|Any CPU.ActiveCfg = Release|Any CPU
		{3C9B384F-EA19-4938-813B-AD1904D51D8D}.Release|Any CPU.Build.0 = Release|Any CPU
		{3C9B384F-EA19-4938-813B-AD1904D51D8D}.Release|Any CPU.Deploy.0 = Release|Any CPU
		{3D9AAC6A-998C-45CB-8BE5-C440BF50EEFD}.Debug|Any CPU.ActiveCfg = Debug|Any CPU
		{3D9AAC6A-998C-45CB-8BE5-C440BF50EEFD}.Debug|Any CPU.Build.0 = Debug|Any CPU
		{3D9AAC6A-998C-45CB-8BE5-C440BF50EEFD}.Release|Any CPU.ActiveCfg = Release|Any CPU
		{3D9AAC6A-998C-45CB-8BE5-C440BF50EEFD}.Release|Any CPU.Build.0 = Release|Any CPU
	EndGlobalSection
	GlobalSection(SolutionProperties) = preSolution
		HideSolutionNode = FALSE
	EndGlobalSection
EndGlobal
